
Microsoft Visual Studio Solution File, Format Version 12.00
# Visual Studio 15
VisualStudioVersion = 15.0.28010.2050
MinimumVisualStudioVersion = 10.0.40219.1
Project("{FAE04EC0-301F-11D3-BF4B-00C04F79EFBC}") = "SysBibilioteca", "SysBibilioteca\SysBibilioteca.csproj", "{8A470E74-A642-4AD9-ACAA-D593CDF156A5}"
EndProject
Global
	GlobalSection(SolutionConfigurationPlatforms) = preSolution
		Debug|Any CPU = Debug|Any CPU
		Release|Any CPU = Release|Any CPU
	EndGlobalSection
	GlobalSection(ProjectConfigurationPlatforms) = postSolution
		{8A470E74-A642-4AD9-ACAA-D593CDF156A5}.Debug|Any CPU.ActiveCfg = Debug|Any CPU
		{8A470E74-A642-4AD9-ACAA-D593CDF156A5}.Debug|Any CPU.Build.0 = Debug|Any CPU
		{8A470E74-A642-4AD9-ACAA-D593CDF156A5}.Release|Any CPU.ActiveCfg = Release|Any CPU
		{8A470E74-A642-4AD9-ACAA-D593CDF156A5}.Release|Any CPU.Build.0 = Release|Any CPU
	EndGlobalSection
	GlobalSection(SolutionProperties) = preSolution
		HideSolutionNode = FALSE
	EndGlobalSection
	GlobalSection(ExtensibilityGlobals) = postSolution
		SolutionGuid = {D0C3BC42-0622-4BDA-878B-17B3B01F69E4}
	EndGlobalSection
EndGlobal
